
Microsoft Visual Studio Solution File, Format Version 12.00
# Visual Studio 14
VisualStudioVersion = 14.0.25420.1
MinimumVisualStudioVersion = 10.0.40219.1
Project("{FAE04EC0-301F-11D3-BF4B-00C04F79EFBC}") = "Ch. 5 Code - Razor", "Ch. 5 Code - Razor\Ch. 5 Code - Razor.csproj", "{1C597C0D-3406-46BD-9681-086FDD46525D}"
EndProject
Project("{FAE04EC0-301F-11D3-BF4B-00C04F79EFBC}") = "WebApplication1", "WebApplication1\WebApplication1.csproj", "{74006C46-ECCF-4430-97CF-1D655D415FA2}"
EndProject
Global
	GlobalSection(SolutionConfigurationPlatforms) = preSolution
		Debug|Any CPU = Debug|Any CPU
		Release|Any CPU = Release|Any CPU
	EndGlobalSection
	GlobalSection(ProjectConfigurationPlatforms) = postSolution
		{1C597C0D-3406-46BD-9681-086FDD46525D}.Debug|Any CPU.ActiveCfg = Debug|Any CPU
		{1C597C0D-3406-46BD-9681-086FDD46525D}.Debug|Any CPU.Build.0 = Debug|Any CPU
		{1C597C0D-3406-46BD-9681-086FDD46525D}.Release|Any CPU.ActiveCfg = Release|Any CPU
		{1C597C0D-3406-46BD-9681-086FDD46525D}.Release|Any CPU.Build.0 = Release|Any CPU
		{74006C46-ECCF-4430-97CF-1D655D415FA2}.Debug|Any CPU.ActiveCfg = Debug|Any CPU
		{74006C46-ECCF-4430-97CF-1D655D415FA2}.Debug|Any CPU.Build.0 = Debug|Any CPU
		{74006C46-ECCF-4430-97CF-1D655D415FA2}.Release|Any CPU.ActiveCfg = Release|Any CPU
		{74006C46-ECCF-4430-97CF-1D655D415FA2}.Release|Any CPU.Build.0 = Release|Any CPU
	EndGlobalSection
	GlobalSection(SolutionProperties) = preSolution
		HideSolutionNode = FALSE
	EndGlobalSection
EndGlobal
